
Microsoft Visual Studio Solution File, Format Version 12.00
# Visual Studio 15
VisualStudioVersion = 15.0.28307.1500
MinimumVisualStudioVersion = 10.0.40219.1
Project("{FAE04EC0-301F-11D3-BF4B-00C04F79EFBC}") = "MyNoteMVC", "MyNoteMVC\MyNoteMVC.csproj", "{EA031CA9-FA06-44AB-99B1-FEE096B8CC11}"
EndProject
Global
	GlobalSection(SolutionConfigurationPlatforms) = preSolution
		Debug|Any CPU = Debug|Any CPU
		Release|Any CPU = Release|Any CPU
	EndGlobalSection
	GlobalSection(ProjectConfigurationPlatforms) = postSolution
		{EA031CA9-FA06-44AB-99B1-FEE096B8CC11}.Debug|Any CPU.ActiveCfg = Debug|Any CPU
		{EA031CA9-FA06-44AB-99B1-FEE096B8CC11}.Debug|Any CPU.Build.0 = Debug|Any CPU
		{EA031CA9-FA06-44AB-99B1-FEE096B8CC11}.Release|Any CPU.ActiveCfg = Release|Any CPU
		{EA031CA9-FA06-44AB-99B1-FEE096B8CC11}.Release|Any CPU.Build.0 = Release|Any CPU
	EndGlobalSection
	GlobalSection(SolutionProperties) = preSolution
		HideSolutionNode = FALSE
	EndGlobalSection
	GlobalSection(ExtensibilityGlobals) = postSolution
		SolutionGuid = {962CBC92-4294-46CB-90A8-BC4015718D3E}
	EndGlobalSection
EndGlobal
